<Solution>
  <Folder Name="/src/">
    <Project Path="src/ContractScribe.Agent/ContractScribe.Agent.csproj" />
    <Project Path="src/ContractScribe.Cli/ContractScribe.Cli.csproj" />
    <Project Path="src/ContractScribe.Core/ContractScribe.Core.csproj" />
    <Project Path="src/ContractScribe.Patching/ContractScribe.Patching.csproj" />
    <Project Path="src/ContractScribe.Roslyn/ContractScribe.Roslyn.csproj" />
  </Folder>
  <Folder Name="/tests/">
    <Project Path="tests/ContractScribe.BuildHostProbe/ContractScribe.BuildHostProbe.csproj" />
    <Project Path="tests/ContractScribe.CampaignStartupHook/ContractScribe.CampaignStartupHook.csproj" />
    <Project Path="tests/ContractScribe.ContractBaselineProbe/ContractScribe.ContractBaselineProbe.csproj" />
    <Project Path="tests/ContractScribe.ConsoleSignalSender/ContractScribe.ConsoleSignalSender.csproj" />
    <Project Path="tests/ContractScribe.IntegrationTests/ContractScribe.IntegrationTests.csproj" />
    <Project Path="tests/ContractScribe.LoaderProbe/ContractScribe.LoaderProbe.csproj" />
    <Project Path="tests/ContractScribe.TestGenerator/ContractScribe.TestGenerator.csproj" />
    <Project Path="tests/ContractScribe.Tests/ContractScribe.Tests.csproj" />
  </Folder>
  <Folder Name="/tools/">
    <Project Path="tools/ContractScribe.Evaluation/ContractScribe.Evaluation.csproj" />
  </Folder>
</Solution>
