Microsoft Visual Studio Solution File, Format Version 12.00
# Visual Studio Version 17
VisualStudioVersion = 17.0.31903.59
MinimumVisualStudioVersion = 10.0.40219.1
Project("{FAE04EC0-301F-11D3-BF4B-00C04F79EFBC}") = "SampleLibrary", "SampleLibrary\SampleLibrary.csproj", "{A4C1D59A-5B76-4A24-8B8F-3C5A1C5D7A01}"
EndProject
Project("{FAE04EC0-301F-11D3-BF4B-00C04F79EFBC}") = "SampleApp", "SampleApp\SampleApp.csproj", "{B5D2E6AB-6C87-4B35-9C90-4D6B2D6E8B12}"
	ProjectSection(ProjectDependencies) = postProject
	EndProjectSection
EndProject
Global
	GlobalSection(SolutionConfigurationPlatforms) = preSolution
		Debug|Any CPU = Debug|Any CPU
		Release|Any CPU = Release|Any CPU
	EndGlobalSection
	GlobalSection(ProjectConfigurationPlatforms) = postSolution
		{A4C1D59A-5B76-4A24-8B8F-3C5A1C5D7A01}.Debug|Any CPU.ActiveCfg = Debug|Any CPU
		{A4C1D59A-5B76-4A24-8B8F-3C5A1C5D7A01}.Debug|Any CPU.Build.0 = Debug|Any CPU
		{A4C1D59A-5B76-4A24-8B8F-3C5A1C5D7A01}.Release|Any CPU.ActiveCfg = Release|Any CPU
		{A4C1D59A-5B76-4A24-8B8F-3C5A1C5D7A01}.Release|Any CPU.Build.0 = Release|Any CPU
		{B5D2E6AB-6C87-4B35-9C90-4D6B2D6E8B12}.Debug|Any CPU.ActiveCfg = Debug|Any CPU
		{B5D2E6AB-6C87-4B35-9C90-4D6B2D6E8B12}.Debug|Any CPU.Build.0 = Debug|Any CPU
		{B5D2E6AB-6C87-4B35-9C90-4D6B2D6E8B12}.Release|Any CPU.ActiveCfg = Release|Any CPU
		{B5D2E6AB-6C87-4B35-9C90-4D6B2D6E8B12}.Release|Any CPU.Build.0 = Release|Any CPU
	EndGlobalSection
	GlobalSection(SolutionProperties) = preSolution
		HideSolutionNode = FALSE
	EndGlobalSection
EndGlobal
